
Microsoft Visual Studio Solution File, Format Version 12.00
# Visual Studio Version 17
VisualStudioVersion = 17.13.35828.75 d17.13
MinimumVisualStudioVersion = 10.0.40219.1
Project("{FAE04EC0-301F-11D3-BF4B-00C04F79EFBC}") = "ruutvõrrand", "ruutvõrrand\ruutvõrrand.csproj", "{78DBBA85-1310-43FA-BA63-E635F3F8742C}"
EndProject
Global
	GlobalSection(SolutionConfigurationPlatforms) = preSolution
		Debug|Any CPU = Debug|Any CPU
		Release|Any CPU = Release|Any CPU
	EndGlobalSection
	GlobalSection(ProjectConfigurationPlatforms) = postSolution
		{78DBBA85-1310-43FA-BA63-E635F3F8742C}.Debug|Any CPU.ActiveCfg = Debug|Any CPU
		{78DBBA85-1310-43FA-BA63-E635F3F8742C}.Debug|Any CPU.Build.0 = Debug|Any CPU
		{78DBBA85-1310-43FA-BA63-E635F3F8742C}.Release|Any CPU.ActiveCfg = Release|Any CPU
		{78DBBA85-1310-43FA-BA63-E635F3F8742C}.Release|Any CPU.Build.0 = Release|Any CPU
	EndGlobalSection
	GlobalSection(SolutionProperties) = preSolution
		HideSolutionNode = FALSE
	EndGlobalSection
	GlobalSection(ExtensibilityGlobals) = postSolution
		SolutionGuid = {E8BE00E5-5658-4769-B821-56BF78142CF1}
	EndGlobalSection
EndGlobal
