
Microsoft Visual Studio Solution File, Format Version 12.00
# Visual Studio Version 17
VisualStudioVersion = 17.13.35828.75 d17.13
MinimumVisualStudioVersion = 10.0.40219.1
Project("{FAE04EC0-301F-11D3-BF4B-00C04F79EFBC}") = "FindWord", "FindWord\FindWord.csproj", "{1877310E-6F87-404B-B681-ED2C2A6B15CF}"
EndProject
Global
	GlobalSection(SolutionConfigurationPlatforms) = preSolution
		Debug|Any CPU = Debug|Any CPU
		Release|Any CPU = Release|Any CPU
	EndGlobalSection
	GlobalSection(ProjectConfigurationPlatforms) = postSolution
		{1877310E-6F87-404B-B681-ED2C2A6B15CF}.Debug|Any CPU.ActiveCfg = Debug|Any CPU
		{1877310E-6F87-404B-B681-ED2C2A6B15CF}.Debug|Any CPU.Build.0 = Debug|Any CPU
		{1877310E-6F87-404B-B681-ED2C2A6B15CF}.Release|Any CPU.ActiveCfg = Release|Any CPU
		{1877310E-6F87-404B-B681-ED2C2A6B15CF}.Release|Any CPU.Build.0 = Release|Any CPU
	EndGlobalSection
	GlobalSection(SolutionProperties) = preSolution
		HideSolutionNode = FALSE
	EndGlobalSection
	GlobalSection(ExtensibilityGlobals) = postSolution
		SolutionGuid = {369DA32F-4BF0-430B-97D7-9CC7447D9E17}
	EndGlobalSection
EndGlobal
