
Microsoft Visual Studio Solution File, Format Version 12.00
# Visual Studio Version 17
VisualStudioVersion = 17.13.35828.75 d17.13
MinimumVisualStudioVersion = 10.0.40219.1
Project("{FAE04EC0-301F-11D3-BF4B-00C04F79EFBC}") = "ForLoopMultiplicationTable", "ForLoopMultiplicationTable\ForLoopMultiplicationTable.csproj", "{B4FF2C9C-C58B-40BC-AB01-9BA4CE1CA8E3}"
EndProject
Global
	GlobalSection(SolutionConfigurationPlatforms) = preSolution
		Debug|Any CPU = Debug|Any CPU
		Release|Any CPU = Release|Any CPU
	EndGlobalSection
	GlobalSection(ProjectConfigurationPlatforms) = postSolution
		{B4FF2C9C-C58B-40BC-AB01-9BA4CE1CA8E3}.Debug|Any CPU.ActiveCfg = Debug|Any CPU
		{B4FF2C9C-C58B-40BC-AB01-9BA4CE1CA8E3}.Debug|Any CPU.Build.0 = Debug|Any CPU
		{B4FF2C9C-C58B-40BC-AB01-9BA4CE1CA8E3}.Release|Any CPU.ActiveCfg = Release|Any CPU
		{B4FF2C9C-C58B-40BC-AB01-9BA4CE1CA8E3}.Release|Any CPU.Build.0 = Release|Any CPU
	EndGlobalSection
	GlobalSection(SolutionProperties) = preSolution
		HideSolutionNode = FALSE
	EndGlobalSection
	GlobalSection(ExtensibilityGlobals) = postSolution
		SolutionGuid = {66513175-B0D7-43C0-ADF2-BC471282CBCF}
	EndGlobalSection
EndGlobal
