
Microsoft Visual Studio Solution File, Format Version 12.00
# Visual Studio Version 17
VisualStudioVersion = 17.13.35828.75 d17.13
MinimumVisualStudioVersion = 10.0.40219.1
Project("{FAE04EC0-301F-11D3-BF4B-00C04F79EFBC}") = "HelloWorldTest", "HelloWorldTest\HelloWorldTest.csproj", "{356430F6-F252-40DB-87C0-E2DFE31F0C2C}"
EndProject
Global
	GlobalSection(SolutionConfigurationPlatforms) = preSolution
		Debug|Any CPU = Debug|Any CPU
		Release|Any CPU = Release|Any CPU
	EndGlobalSection
	GlobalSection(ProjectConfigurationPlatforms) = postSolution
		{356430F6-F252-40DB-87C0-E2DFE31F0C2C}.Debug|Any CPU.ActiveCfg = Debug|Any CPU
		{356430F6-F252-40DB-87C0-E2DFE31F0C2C}.Debug|Any CPU.Build.0 = Debug|Any CPU
		{356430F6-F252-40DB-87C0-E2DFE31F0C2C}.Release|Any CPU.ActiveCfg = Release|Any CPU
		{356430F6-F252-40DB-87C0-E2DFE31F0C2C}.Release|Any CPU.Build.0 = Release|Any CPU
	EndGlobalSection
	GlobalSection(SolutionProperties) = preSolution
		HideSolutionNode = FALSE
	EndGlobalSection
	GlobalSection(ExtensibilityGlobals) = postSolution
		SolutionGuid = {DF4CBA2E-CB3D-41BC-B02C-6E2F7277E8D8}
	EndGlobalSection
EndGlobal
