
Microsoft Visual Studio Solution File, Format Version 12.00
# Visual Studio Version 17
VisualStudioVersion = 17.13.35828.75 d17.13
MinimumVisualStudioVersion = 10.0.40219.1
Project("{FAE04EC0-301F-11D3-BF4B-00C04F79EFBC}") = "MaaKalkulaator", "MaaKalkulaator\MaaKalkulaator.csproj", "{EA79B2E6-8A03-4EAB-801A-941A64A5116A}"
EndProject
Global
	GlobalSection(SolutionConfigurationPlatforms) = preSolution
		Debug|Any CPU = Debug|Any CPU
		Release|Any CPU = Release|Any CPU
	EndGlobalSection
	GlobalSection(ProjectConfigurationPlatforms) = postSolution
		{EA79B2E6-8A03-4EAB-801A-941A64A5116A}.Debug|Any CPU.ActiveCfg = Debug|Any CPU
		{EA79B2E6-8A03-4EAB-801A-941A64A5116A}.Debug|Any CPU.Build.0 = Debug|Any CPU
		{EA79B2E6-8A03-4EAB-801A-941A64A5116A}.Release|Any CPU.ActiveCfg = Release|Any CPU
		{EA79B2E6-8A03-4EAB-801A-941A64A5116A}.Release|Any CPU.Build.0 = Release|Any CPU
	EndGlobalSection
	GlobalSection(SolutionProperties) = preSolution
		HideSolutionNode = FALSE
	EndGlobalSection
	GlobalSection(ExtensibilityGlobals) = postSolution
		SolutionGuid = {AB952D8D-3835-476C-8D6D-F4979C1412A4}
	EndGlobalSection
EndGlobal
