
Microsoft Visual Studio Solution File, Format Version 12.00
# Visual Studio Version 17
VisualStudioVersion = 17.13.35828.75 d17.13
MinimumVisualStudioVersion = 10.0.40219.1
Project("{FAE04EC0-301F-11D3-BF4B-00C04F79EFBC}") = "Switch", "Switch\Switch.csproj", "{6AAAF543-0659-47C9-90A2-18CFCB0437D1}"
EndProject
Global
	GlobalSection(SolutionConfigurationPlatforms) = preSolution
		Debug|Any CPU = Debug|Any CPU
		Release|Any CPU = Release|Any CPU
	EndGlobalSection
	GlobalSection(ProjectConfigurationPlatforms) = postSolution
		{6AAAF543-0659-47C9-90A2-18CFCB0437D1}.Debug|Any CPU.ActiveCfg = Debug|Any CPU
		{6AAAF543-0659-47C9-90A2-18CFCB0437D1}.Debug|Any CPU.Build.0 = Debug|Any CPU
		{6AAAF543-0659-47C9-90A2-18CFCB0437D1}.Release|Any CPU.ActiveCfg = Release|Any CPU
		{6AAAF543-0659-47C9-90A2-18CFCB0437D1}.Release|Any CPU.Build.0 = Release|Any CPU
	EndGlobalSection
	GlobalSection(SolutionProperties) = preSolution
		HideSolutionNode = FALSE
	EndGlobalSection
	GlobalSection(ExtensibilityGlobals) = postSolution
		SolutionGuid = {B22E1342-4942-43BB-9049-C67DE1D40BA3}
	EndGlobalSection
EndGlobal
