
Microsoft Visual Studio Solution File, Format Version 12.00
# Visual Studio Version 17
VisualStudioVersion = 17.13.35828.75 d17.13
MinimumVisualStudioVersion = 10.0.40219.1
Project("{FAE04EC0-301F-11D3-BF4B-00C04F79EFBC}") = "ForLoopPyramid", "ForLoopPyramid\ForLoopPyramid.csproj", "{BF659A28-6402-4D8F-9939-7A8FC23B4377}"
EndProject
Global
	GlobalSection(SolutionConfigurationPlatforms) = preSolution
		Debug|Any CPU = Debug|Any CPU
		Release|Any CPU = Release|Any CPU
	EndGlobalSection
	GlobalSection(ProjectConfigurationPlatforms) = postSolution
		{BF659A28-6402-4D8F-9939-7A8FC23B4377}.Debug|Any CPU.ActiveCfg = Debug|Any CPU
		{BF659A28-6402-4D8F-9939-7A8FC23B4377}.Debug|Any CPU.Build.0 = Debug|Any CPU
		{BF659A28-6402-4D8F-9939-7A8FC23B4377}.Release|Any CPU.ActiveCfg = Release|Any CPU
		{BF659A28-6402-4D8F-9939-7A8FC23B4377}.Release|Any CPU.Build.0 = Release|Any CPU
	EndGlobalSection
	GlobalSection(SolutionProperties) = preSolution
		HideSolutionNode = FALSE
	EndGlobalSection
	GlobalSection(ExtensibilityGlobals) = postSolution
		SolutionGuid = {9C27C35A-D01C-4C9E-B666-24C12F1D8A82}
	EndGlobalSection
EndGlobal
