
Microsoft Visual Studio Solution File, Format Version 12.00
# Visual Studio Version 17
VisualStudioVersion = 17.13.35828.75 d17.13
MinimumVisualStudioVersion = 10.0.40219.1
Project("{FAE04EC0-301F-11D3-BF4B-00C04F79EFBC}") = "FileWordReader", "FileWordReader\FileWordReader.csproj", "{542D81B4-A0EB-4722-9C1D-86424358B4B3}"
EndProject
Global
	GlobalSection(SolutionConfigurationPlatforms) = preSolution
		Debug|Any CPU = Debug|Any CPU
		Release|Any CPU = Release|Any CPU
	EndGlobalSection
	GlobalSection(ProjectConfigurationPlatforms) = postSolution
		{542D81B4-A0EB-4722-9C1D-86424358B4B3}.Debug|Any CPU.ActiveCfg = Debug|Any CPU
		{542D81B4-A0EB-4722-9C1D-86424358B4B3}.Debug|Any CPU.Build.0 = Debug|Any CPU
		{542D81B4-A0EB-4722-9C1D-86424358B4B3}.Release|Any CPU.ActiveCfg = Release|Any CPU
		{542D81B4-A0EB-4722-9C1D-86424358B4B3}.Release|Any CPU.Build.0 = Release|Any CPU
	EndGlobalSection
	GlobalSection(SolutionProperties) = preSolution
		HideSolutionNode = FALSE
	EndGlobalSection
	GlobalSection(ExtensibilityGlobals) = postSolution
		SolutionGuid = {87F73B90-5177-44C4-B3FD-FEB1155A9F14}
	EndGlobalSection
EndGlobal
