
Microsoft Visual Studio Solution File, Format Version 12.00
# Visual Studio Version 17
VisualStudioVersion = 17.13.35828.75 d17.13
MinimumVisualStudioVersion = 10.0.40219.1
Project("{FAE04EC0-301F-11D3-BF4B-00C04F79EFBC}") = "Ruut", "Ruut\Ruut.csproj", "{09C3EF1F-7DFC-4137-BD61-06815E05CC30}"
EndProject
Global
	GlobalSection(SolutionConfigurationPlatforms) = preSolution
		Debug|Any CPU = Debug|Any CPU
		Release|Any CPU = Release|Any CPU
	EndGlobalSection
	GlobalSection(ProjectConfigurationPlatforms) = postSolution
		{09C3EF1F-7DFC-4137-BD61-06815E05CC30}.Debug|Any CPU.ActiveCfg = Debug|Any CPU
		{09C3EF1F-7DFC-4137-BD61-06815E05CC30}.Debug|Any CPU.Build.0 = Debug|Any CPU
		{09C3EF1F-7DFC-4137-BD61-06815E05CC30}.Release|Any CPU.ActiveCfg = Release|Any CPU
		{09C3EF1F-7DFC-4137-BD61-06815E05CC30}.Release|Any CPU.Build.0 = Release|Any CPU
	EndGlobalSection
	GlobalSection(SolutionProperties) = preSolution
		HideSolutionNode = FALSE
	EndGlobalSection
	GlobalSection(ExtensibilityGlobals) = postSolution
		SolutionGuid = {DBC3ACF3-86C8-4F77-92A2-7D85BE839D36}
	EndGlobalSection
EndGlobal
